
Microsoft Visual Studio Solution File, Format Version 12.00
# Visual Studio Version 17
VisualStudioVersion = 17.0.31903.59
MinimumVisualStudioVersion = 10.0.40219.1
Project("{2150E333-8FDC-42A3-9474-1A3956D46DE8}") = "src", "src", "{B31B1DC7-AEDB-4495-AAA6-67FD2294D65A}"
EndProject
Project("{FAE04EC0-301F-11D3-BF4B-00C04F79EFBC}") = "AutoPricing.Api", "src\AutoPricing.Api\AutoPricing.Api.csproj", "{9677D51D-7735-4E26-9061-6B84A44FC7BF}"
EndProject
Project("{2150E333-8FDC-42A3-9474-1A3956D46DE8}") = "tests", "tests", "{B7AD88EF-B6A9-4A27-A0FB-404E4E2149A7}"
EndProject
Project("{FAE04EC0-301F-11D3-BF4B-00C04F79EFBC}") = "AutoPricing.Tests", "tests\AutoPricing.Tests\AutoPricing.Tests.csproj", "{FD59061F-CD5E-46A8-8975-95670E58BF02}"
EndProject
Global
	GlobalSection(SolutionConfigurationPlatforms) = preSolution
		Debug|Any CPU = Debug|Any CPU
		Release|Any CPU = Release|Any CPU
	EndGlobalSection
	GlobalSection(SolutionProperties) = preSolution
		HideSolutionNode = FALSE
	EndGlobalSection
	GlobalSection(ProjectConfigurationPlatforms) = postSolution
		{9677D51D-7735-4E26-9061-6B84A44FC7BF}.Debug|Any CPU.ActiveCfg = Debug|Any CPU
		{9677D51D-7735-4E26-9061-6B84A44FC7BF}.Debug|Any CPU.Build.0 = Debug|Any CPU
		{9677D51D-7735-4E26-9061-6B84A44FC7BF}.Release|Any CPU.ActiveCfg = Release|Any CPU
		{9677D51D-7735-4E26-9061-6B84A44FC7BF}.Release|Any CPU.Build.0 = Release|Any CPU
		{FD59061F-CD5E-46A8-8975-95670E58BF02}.Debug|Any CPU.ActiveCfg = Debug|Any CPU
		{FD59061F-CD5E-46A8-8975-95670E58BF02}.Debug|Any CPU.Build.0 = Debug|Any CPU
		{FD59061F-CD5E-46A8-8975-95670E58BF02}.Release|Any CPU.ActiveCfg = Release|Any CPU
		{FD59061F-CD5E-46A8-8975-95670E58BF02}.Release|Any CPU.Build.0 = Release|Any CPU
	EndGlobalSection
	GlobalSection(NestedProjects) = preSolution
		{9677D51D-7735-4E26-9061-6B84A44FC7BF} = {B31B1DC7-AEDB-4495-AAA6-67FD2294D65A}
		{FD59061F-CD5E-46A8-8975-95670E58BF02} = {B7AD88EF-B6A9-4A27-A0FB-404E4E2149A7}
	EndGlobalSection
EndGlobal
